
Microsoft Visual Studio Solution File, Format Version 12.00
Project("{FAE04EC0-301F-11D3-BF4B-00C04F79EFBC}") = "SRAM.SCIM.Net", "SRAM.SCIM.Net\SRAM.SCIM.Net.csproj", "{19074C31-28A4-47D4-A69A-1895E3FA1B06}"
EndProject
Project("{FAE04EC0-301F-11D3-BF4B-00C04F79EFBC}") = "SRAM.SCIM.Net.Tests", "SRAM.SCIM.Net.Tests\SRAM.SCIM.Net.Tests.csproj", "{A41E7235-D055-46B0-A97C-C404A98B56BE}"
EndProject
Global
	GlobalSection(SolutionConfigurationPlatforms) = preSolution
		Debug|Any CPU = Debug|Any CPU
		Release|Any CPU = Release|Any CPU
	EndGlobalSection
	GlobalSection(ProjectConfigurationPlatforms) = postSolution
		{19074C31-28A4-47D4-A69A-1895E3FA1B06}.Debug|Any CPU.ActiveCfg = Debug|Any CPU
		{19074C31-28A4-47D4-A69A-1895E3FA1B06}.Debug|Any CPU.Build.0 = Debug|Any CPU
		{19074C31-28A4-47D4-A69A-1895E3FA1B06}.Release|Any CPU.ActiveCfg = Release|Any CPU
		{19074C31-28A4-47D4-A69A-1895E3FA1B06}.Release|Any CPU.Build.0 = Release|Any CPU
		{A41E7235-D055-46B0-A97C-C404A98B56BE}.Debug|Any CPU.ActiveCfg = Debug|Any CPU
		{A41E7235-D055-46B0-A97C-C404A98B56BE}.Debug|Any CPU.Build.0 = Debug|Any CPU
		{A41E7235-D055-46B0-A97C-C404A98B56BE}.Release|Any CPU.ActiveCfg = Release|Any CPU
		{A41E7235-D055-46B0-A97C-C404A98B56BE}.Release|Any CPU.Build.0 = Release|Any CPU
	EndGlobalSection
EndGlobal
